
Microsoft Visual Studio Solution File, Format Version 12.00
# Visual Studio Version 17
VisualStudioVersion = 17.9.34607.119
MinimumVisualStudioVersion = 10.0.40219.1
Project("{FAE04EC0-301F-11D3-BF4B-00C04F79EFBC}") = "GNAffirmations", "GNAffirmations\GNAffirmations.csproj", "{A6221249-7688-4B83-9C89-9FF0B580101F}"
EndProject
Global
	GlobalSection(SolutionConfigurationPlatforms) = preSolution
		Debug|Any CPU = Debug|Any CPU
		Release|Any CPU = Release|Any CPU
	EndGlobalSection
	GlobalSection(ProjectConfigurationPlatforms) = postSolution
		{A6221249-7688-4B83-9C89-9FF0B580101F}.Debug|Any CPU.ActiveCfg = Debug|Any CPU
		{A6221249-7688-4B83-9C89-9FF0B580101F}.Debug|Any CPU.Build.0 = Debug|Any CPU
		{A6221249-7688-4B83-9C89-9FF0B580101F}.Release|Any CPU.ActiveCfg = Release|Any CPU
		{A6221249-7688-4B83-9C89-9FF0B580101F}.Release|Any CPU.Build.0 = Release|Any CPU
	EndGlobalSection
	GlobalSection(SolutionProperties) = preSolution
		HideSolutionNode = FALSE
	EndGlobalSection
	GlobalSection(ExtensibilityGlobals) = postSolution
		SolutionGuid = {24C2BC2E-04F1-410B-B62E-2169CBBCAC75}
	EndGlobalSection
EndGlobal
